
Microsoft Visual Studio Solution File, Format Version 12.00
# Visual Studio 2012
Project("{FAE04EC0-301F-11D3-BF4B-00C04F79EFBC}") = "01. ConsolePrinter", "01. ConsolePrinter\01. ConsolePrinter.csproj", "{DD90D6C5-6C5E-4604-8105-6803EEF7E945}"
EndProject
Project("{FAE04EC0-301F-11D3-BF4B-00C04F79EFBC}") = "02. HumanRelated", "02. HumanRelated\02. HumanRelated.csproj", "{F47BC68C-BCCA-40AC-A4B8-7E1BBF161984}"
EndProject
Project("{FAE04EC0-301F-11D3-BF4B-00C04F79EFBC}") = "04. Minesweeper", "04. Minesweeper\04. Minesweeper.csproj", "{D2817A0C-82A1-46E9-B29C-8C3662409A6A}"
EndProject
Project("{2150E333-8FDC-42A3-9474-1A3956D46DE8}") = "03. BrowserCodeNameCheck", "03. BrowserCodeNameCheck", "{10AC4D07-BFF0-4952-B972-4F5F42EC2C55}"
	ProjectSection(SolutionItems) = preProject
		03. JavaScriptCodeRefactoring\BrowserCodeNameCheck.html = 03. JavaScriptCodeRefactoring\BrowserCodeNameCheck.html
	EndProjectSection
EndProject
Global
	GlobalSection(SolutionConfigurationPlatforms) = preSolution
		Debug|Any CPU = Debug|Any CPU
		Release|Any CPU = Release|Any CPU
	EndGlobalSection
	GlobalSection(ProjectConfigurationPlatforms) = postSolution
		{DD90D6C5-6C5E-4604-8105-6803EEF7E945}.Debug|Any CPU.ActiveCfg = Debug|Any CPU
		{DD90D6C5-6C5E-4604-8105-6803EEF7E945}.Debug|Any CPU.Build.0 = Debug|Any CPU
		{DD90D6C5-6C5E-4604-8105-6803EEF7E945}.Release|Any CPU.ActiveCfg = Release|Any CPU
		{DD90D6C5-6C5E-4604-8105-6803EEF7E945}.Release|Any CPU.Build.0 = Release|Any CPU
		{F47BC68C-BCCA-40AC-A4B8-7E1BBF161984}.Debug|Any CPU.ActiveCfg = Debug|Any CPU
		{F47BC68C-BCCA-40AC-A4B8-7E1BBF161984}.Debug|Any CPU.Build.0 = Debug|Any CPU
		{F47BC68C-BCCA-40AC-A4B8-7E1BBF161984}.Release|Any CPU.ActiveCfg = Release|Any CPU
		{F47BC68C-BCCA-40AC-A4B8-7E1BBF161984}.Release|Any CPU.Build.0 = Release|Any CPU
		{D2817A0C-82A1-46E9-B29C-8C3662409A6A}.Debug|Any CPU.ActiveCfg = Debug|Any CPU
		{D2817A0C-82A1-46E9-B29C-8C3662409A6A}.Debug|Any CPU.Build.0 = Debug|Any CPU
		{D2817A0C-82A1-46E9-B29C-8C3662409A6A}.Release|Any CPU.ActiveCfg = Release|Any CPU
		{D2817A0C-82A1-46E9-B29C-8C3662409A6A}.Release|Any CPU.Build.0 = Release|Any CPU
	EndGlobalSection
	GlobalSection(SolutionProperties) = preSolution
		HideSolutionNode = FALSE
	EndGlobalSection
EndGlobal
