
Microsoft Visual Studio Solution File, Format Version 12.00
# Visual Studio 2012
Project("{FAE04EC0-301F-11D3-BF4B-00C04F79EFBC}") = "HumansHierarchy.Common", "HumansHierarchy.Common\HumansHierarchy.Common.csproj", "{49C780DB-08A6-4660-9D00-73D53EE1A54C}"
EndProject
Project("{FAE04EC0-301F-11D3-BF4B-00C04F79EFBC}") = "HumansHierarchy.UI", "HumansHierarchy.UI\HumansHierarchy.UI.csproj", "{7690B32F-EFB2-40E4-884D-7F6F9C6FF7E2}"
EndProject
Global
	GlobalSection(SolutionConfigurationPlatforms) = preSolution
		Debug|Any CPU = Debug|Any CPU
		Release|Any CPU = Release|Any CPU
	EndGlobalSection
	GlobalSection(ProjectConfigurationPlatforms) = postSolution
		{49C780DB-08A6-4660-9D00-73D53EE1A54C}.Debug|Any CPU.ActiveCfg = Debug|Any CPU
		{49C780DB-08A6-4660-9D00-73D53EE1A54C}.Debug|Any CPU.Build.0 = Debug|Any CPU
		{49C780DB-08A6-4660-9D00-73D53EE1A54C}.Release|Any CPU.ActiveCfg = Release|Any CPU
		{49C780DB-08A6-4660-9D00-73D53EE1A54C}.Release|Any CPU.Build.0 = Release|Any CPU
		{7690B32F-EFB2-40E4-884D-7F6F9C6FF7E2}.Debug|Any CPU.ActiveCfg = Debug|Any CPU
		{7690B32F-EFB2-40E4-884D-7F6F9C6FF7E2}.Debug|Any CPU.Build.0 = Debug|Any CPU
		{7690B32F-EFB2-40E4-884D-7F6F9C6FF7E2}.Release|Any CPU.ActiveCfg = Release|Any CPU
		{7690B32F-EFB2-40E4-884D-7F6F9C6FF7E2}.Release|Any CPU.Build.0 = Release|Any CPU
	EndGlobalSection
	GlobalSection(SolutionProperties) = preSolution
		HideSolutionNode = FALSE
	EndGlobalSection
EndGlobal
