
Microsoft Visual Studio Solution File, Format Version 12.00
# Visual Studio 2013
VisualStudioVersion = 12.0.20617.1 PREVIEW
MinimumVisualStudioVersion = 10.0.40219.1
Project("{FAE04EC0-301F-11D3-BF4B-00C04F79EFBC}") = "2. MoneyRetrievalFromATM", "MoneyRetrievalFromATMMachine\2. MoneyRetrievalFromATM.csproj", "{0D37DEC5-0077-4F28-B6B5-8ADCFE4ED0EC}"
EndProject
Project("{FAE04EC0-301F-11D3-BF4B-00C04F79EFBC}") = "ATMMachine.Data", "ATMMachine.Data\ATMMachine.Data.csproj", "{B9A7A770-CF20-47AC-AF22-AF61A3B83F87}"
EndProject
Project("{FAE04EC0-301F-11D3-BF4B-00C04F79EFBC}") = "3. MoneyRetrievalFromATMKeepingLog", "MoneyRetrievalFromATMKeepingLog\3. MoneyRetrievalFromATMKeepingLog.csproj", "{5BCC5216-D186-4B34-8E14-A4796871830A}"
EndProject
Global
	GlobalSection(SolutionConfigurationPlatforms) = preSolution
		Debug|Any CPU = Debug|Any CPU
		Release|Any CPU = Release|Any CPU
	EndGlobalSection
	GlobalSection(ProjectConfigurationPlatforms) = postSolution
		{0D37DEC5-0077-4F28-B6B5-8ADCFE4ED0EC}.Debug|Any CPU.ActiveCfg = Debug|Any CPU
		{0D37DEC5-0077-4F28-B6B5-8ADCFE4ED0EC}.Debug|Any CPU.Build.0 = Debug|Any CPU
		{0D37DEC5-0077-4F28-B6B5-8ADCFE4ED0EC}.Release|Any CPU.ActiveCfg = Release|Any CPU
		{0D37DEC5-0077-4F28-B6B5-8ADCFE4ED0EC}.Release|Any CPU.Build.0 = Release|Any CPU
		{B9A7A770-CF20-47AC-AF22-AF61A3B83F87}.Debug|Any CPU.ActiveCfg = Debug|Any CPU
		{B9A7A770-CF20-47AC-AF22-AF61A3B83F87}.Debug|Any CPU.Build.0 = Debug|Any CPU
		{B9A7A770-CF20-47AC-AF22-AF61A3B83F87}.Release|Any CPU.ActiveCfg = Release|Any CPU
		{B9A7A770-CF20-47AC-AF22-AF61A3B83F87}.Release|Any CPU.Build.0 = Release|Any CPU
		{5BCC5216-D186-4B34-8E14-A4796871830A}.Debug|Any CPU.ActiveCfg = Debug|Any CPU
		{5BCC5216-D186-4B34-8E14-A4796871830A}.Debug|Any CPU.Build.0 = Debug|Any CPU
		{5BCC5216-D186-4B34-8E14-A4796871830A}.Release|Any CPU.ActiveCfg = Release|Any CPU
		{5BCC5216-D186-4B34-8E14-A4796871830A}.Release|Any CPU.Build.0 = Release|Any CPU
	EndGlobalSection
	GlobalSection(SolutionProperties) = preSolution
		HideSolutionNode = FALSE
	EndGlobalSection
EndGlobal
