
Microsoft Visual Studio Solution File, Format Version 12.00
# Visual Studio 2012
Project("{FAE04EC0-301F-11D3-BF4B-00C04F79EFBC}") = "BattleGame.Server", "BattleGame.Server\BattleGame.Server.csproj", "{696A232F-3494-48D2-ACB3-9F5736900242}"
EndProject
Project("{FAE04EC0-301F-11D3-BF4B-00C04F79EFBC}") = "BattleGame.Client", "BattleGame.Client\BattleGame.Client.csproj", "{967E9CBE-2AD3-4843-9673-B58E06F6B919}"
EndProject
Global
	GlobalSection(SolutionConfigurationPlatforms) = preSolution
		Debug|Any CPU = Debug|Any CPU
		Release|Any CPU = Release|Any CPU
	EndGlobalSection
	GlobalSection(ProjectConfigurationPlatforms) = postSolution
		{696A232F-3494-48D2-ACB3-9F5736900242}.Debug|Any CPU.ActiveCfg = Debug|Any CPU
		{696A232F-3494-48D2-ACB3-9F5736900242}.Debug|Any CPU.Build.0 = Debug|Any CPU
		{696A232F-3494-48D2-ACB3-9F5736900242}.Release|Any CPU.ActiveCfg = Release|Any CPU
		{696A232F-3494-48D2-ACB3-9F5736900242}.Release|Any CPU.Build.0 = Release|Any CPU
		{967E9CBE-2AD3-4843-9673-B58E06F6B919}.Debug|Any CPU.ActiveCfg = Debug|Any CPU
		{967E9CBE-2AD3-4843-9673-B58E06F6B919}.Debug|Any CPU.Build.0 = Debug|Any CPU
		{967E9CBE-2AD3-4843-9673-B58E06F6B919}.Release|Any CPU.ActiveCfg = Release|Any CPU
		{967E9CBE-2AD3-4843-9673-B58E06F6B919}.Release|Any CPU.Build.0 = Release|Any CPU
	EndGlobalSection
	GlobalSection(SolutionProperties) = preSolution
		HideSolutionNode = FALSE
	EndGlobalSection
EndGlobal
