
Microsoft Visual Studio Solution File, Format Version 12.00
# Visual Studio 2012
Project("{FAE04EC0-301F-11D3-BF4B-00C04F79EFBC}") = "01. EmployeesInformation", "EmployeesInformation\01. EmployeesInformation.csproj", "{7AAAE42D-6861-44DD-8C2C-B8C055105B7D}"
EndProject
Project("{FAE04EC0-301F-11D3-BF4B-00C04F79EFBC}") = "02. GettingEmployeesFromSofia", "GettingEmployeesFromSofia\02. GettingEmployeesFromSofia.csproj", "{D35E8E6C-77E6-46AD-AC5E-0F59BB3B36B3}"
EndProject
Global
	GlobalSection(SolutionConfigurationPlatforms) = preSolution
		Debug|Any CPU = Debug|Any CPU
		Release|Any CPU = Release|Any CPU
	EndGlobalSection
	GlobalSection(ProjectConfigurationPlatforms) = postSolution
		{7AAAE42D-6861-44DD-8C2C-B8C055105B7D}.Debug|Any CPU.ActiveCfg = Debug|Any CPU
		{7AAAE42D-6861-44DD-8C2C-B8C055105B7D}.Debug|Any CPU.Build.0 = Debug|Any CPU
		{7AAAE42D-6861-44DD-8C2C-B8C055105B7D}.Release|Any CPU.ActiveCfg = Release|Any CPU
		{7AAAE42D-6861-44DD-8C2C-B8C055105B7D}.Release|Any CPU.Build.0 = Release|Any CPU
		{D35E8E6C-77E6-46AD-AC5E-0F59BB3B36B3}.Debug|Any CPU.ActiveCfg = Debug|Any CPU
		{D35E8E6C-77E6-46AD-AC5E-0F59BB3B36B3}.Debug|Any CPU.Build.0 = Debug|Any CPU
		{D35E8E6C-77E6-46AD-AC5E-0F59BB3B36B3}.Release|Any CPU.ActiveCfg = Release|Any CPU
		{D35E8E6C-77E6-46AD-AC5E-0F59BB3B36B3}.Release|Any CPU.Build.0 = Release|Any CPU
	EndGlobalSection
	GlobalSection(SolutionProperties) = preSolution
		HideSolutionNode = FALSE
	EndGlobalSection
EndGlobal
