
Microsoft Visual Studio Solution File, Format Version 12.00
# Visual Studio 2012
Project("{FAE04EC0-301F-11D3-BF4B-00C04F79EFBC}") = "CaptainHookOOP", "CaptainHookOOP\CaptainHookOOP.csproj", "{057FAE34-AB74-4FB4-ABFF-124823A74DC2}"
EndProject
Project("{FAE04EC0-301F-11D3-BF4B-00C04F79EFBC}") = "CaptainHookOOP.CommonClasses", "CaptainHookOOP.CommonClasses\CaptainHookOOP.CommonClasses.csproj", "{61C006F8-4DC2-4B86-BABE-CEE3F47FE4C1}"
EndProject
Global
	GlobalSection(TeamFoundationVersionControl) = preSolution
		SccNumberOfProjects = 3
		SccEnterpriseProvider = {4CA58AB2-18FA-4F8D-95D4-32DDF27D184C}
		SccTeamFoundationServer = https://tfs.codeplex.com/tfs/tfs17
		SccLocalPath0 = .
		SccProjectUniqueName1 = CaptainHookOOP\\CaptainHookOOP.csproj
		SccProjectName1 = CaptainHookOOP
		SccLocalPath1 = CaptainHookOOP
		SccProjectUniqueName2 = CaptainHookOOP.CommonClasses\\CaptainHookOOP.CommonClasses.csproj
		SccProjectName2 = CaptainHookOOP.CommonClasses
		SccLocalPath2 = CaptainHookOOP.CommonClasses
	EndGlobalSection
	GlobalSection(SolutionConfigurationPlatforms) = preSolution
		Debug|Any CPU = Debug|Any CPU
		Release|Any CPU = Release|Any CPU
	EndGlobalSection
	GlobalSection(ProjectConfigurationPlatforms) = postSolution
		{057FAE34-AB74-4FB4-ABFF-124823A74DC2}.Debug|Any CPU.ActiveCfg = Debug|Any CPU
		{057FAE34-AB74-4FB4-ABFF-124823A74DC2}.Debug|Any CPU.Build.0 = Debug|Any CPU
		{057FAE34-AB74-4FB4-ABFF-124823A74DC2}.Release|Any CPU.ActiveCfg = Release|Any CPU
		{057FAE34-AB74-4FB4-ABFF-124823A74DC2}.Release|Any CPU.Build.0 = Release|Any CPU
		{61C006F8-4DC2-4B86-BABE-CEE3F47FE4C1}.Debug|Any CPU.ActiveCfg = Debug|Any CPU
		{61C006F8-4DC2-4B86-BABE-CEE3F47FE4C1}.Debug|Any CPU.Build.0 = Debug|Any CPU
		{61C006F8-4DC2-4B86-BABE-CEE3F47FE4C1}.Release|Any CPU.ActiveCfg = Release|Any CPU
		{61C006F8-4DC2-4B86-BABE-CEE3F47FE4C1}.Release|Any CPU.Build.0 = Release|Any CPU
	EndGlobalSection
	GlobalSection(SolutionProperties) = preSolution
		HideSolutionNode = FALSE
	EndGlobalSection
EndGlobal
