
Microsoft Visual Studio Solution File, Format Version 12.00
# Visual Studio 2012
Project("{FAE04EC0-301F-11D3-BF4B-00C04F79EFBC}") = "3-6. FacebookTasks", "3-6. FacebookTasks\3-6. FacebookTasks.csproj", "{299DD0D0-D82E-4AF5-A5FF-35F1A96D64A0}"
EndProject
Global
	GlobalSection(SolutionConfigurationPlatforms) = preSolution
		Debug|Any CPU = Debug|Any CPU
		Release|Any CPU = Release|Any CPU
	EndGlobalSection
	GlobalSection(ProjectConfigurationPlatforms) = postSolution
		{299DD0D0-D82E-4AF5-A5FF-35F1A96D64A0}.Debug|Any CPU.ActiveCfg = Debug|Any CPU
		{299DD0D0-D82E-4AF5-A5FF-35F1A96D64A0}.Debug|Any CPU.Build.0 = Debug|Any CPU
		{299DD0D0-D82E-4AF5-A5FF-35F1A96D64A0}.Release|Any CPU.ActiveCfg = Release|Any CPU
		{299DD0D0-D82E-4AF5-A5FF-35F1A96D64A0}.Release|Any CPU.Build.0 = Release|Any CPU
	EndGlobalSection
	GlobalSection(SolutionProperties) = preSolution
		HideSolutionNode = FALSE
	EndGlobalSection
EndGlobal
