
Microsoft Visual Studio Solution File, Format Version 12.00
# Visual Studio 2012
Project("{FAE04EC0-301F-11D3-BF4B-00C04F79EFBC}") = "SchoolsSystem.Models", "SchoolsSystem.Models\SchoolsSystem.Models.csproj", "{2A04D44F-BD1D-4E1C-9E4F-E4626887B58B}"
EndProject
Project("{FAE04EC0-301F-11D3-BF4B-00C04F79EFBC}") = "SchoolsSystem.Data", "SchoolsSystem.Data\SchoolsSystem.Data.csproj", "{FE0A95EA-4FD7-453C-AB00-BA8F5A7036CE}"
EndProject
Project("{FAE04EC0-301F-11D3-BF4B-00C04F79EFBC}") = "SchoolsSystem.Repositories", "SchoolsSystem.Repositories\SchoolsSystem.Repositories.csproj", "{C55B7F09-0B0E-4987-AD60-BAA895FAC85E}"
EndProject
Project("{FAE04EC0-301F-11D3-BF4B-00C04F79EFBC}") = "SchoolsSystem.Services", "SchoolsSystem.Services\SchoolsSystem.Services.csproj", "{505CFDD8-47A6-4A53-B7B1-24B6D34FC333}"
EndProject
Project("{FAE04EC0-301F-11D3-BF4B-00C04F79EFBC}") = "SchoolsSystem.DataTransferObjects", "SchoolsSystem.DataTransferObjects\SchoolsSystem.DataTransferObjects.csproj", "{756F3999-94A4-4544-BC74-1E1FBAAC17BF}"
EndProject
Project("{FAE04EC0-301F-11D3-BF4B-00C04F79EFBC}") = "SchoolsSystem.Services.Tests", "SchoolsSystem.Services.Tests\SchoolsSystem.Services.Tests.csproj", "{A23B7900-E904-4EEA-8CAA-12E4D568E553}"
EndProject
Project("{FAE04EC0-301F-11D3-BF4B-00C04F79EFBC}") = "SchoolsSystem.Repositories.Tests", "SchoolsSystem.Repositories.Tests\SchoolsSystem.Repositories.Tests.csproj", "{56BB589F-EC16-4B45-92A6-43D34C3B08F6}"
EndProject
Project("{FAE04EC0-301F-11D3-BF4B-00C04F79EFBC}") = "SchoolsSystem.Services.IntegrationTests", "SchoolsSystem.Services.IntegrationTests\SchoolsSystem.Services.IntegrationTests.csproj", "{F35C15C5-CBB3-49D9-BF7D-973C85126538}"
EndProject
Global
	GlobalSection(SolutionConfigurationPlatforms) = preSolution
		Debug|Any CPU = Debug|Any CPU
		Release|Any CPU = Release|Any CPU
	EndGlobalSection
	GlobalSection(ProjectConfigurationPlatforms) = postSolution
		{2A04D44F-BD1D-4E1C-9E4F-E4626887B58B}.Debug|Any CPU.ActiveCfg = Debug|Any CPU
		{2A04D44F-BD1D-4E1C-9E4F-E4626887B58B}.Debug|Any CPU.Build.0 = Debug|Any CPU
		{2A04D44F-BD1D-4E1C-9E4F-E4626887B58B}.Release|Any CPU.ActiveCfg = Release|Any CPU
		{2A04D44F-BD1D-4E1C-9E4F-E4626887B58B}.Release|Any CPU.Build.0 = Release|Any CPU
		{FE0A95EA-4FD7-453C-AB00-BA8F5A7036CE}.Debug|Any CPU.ActiveCfg = Debug|Any CPU
		{FE0A95EA-4FD7-453C-AB00-BA8F5A7036CE}.Debug|Any CPU.Build.0 = Debug|Any CPU
		{FE0A95EA-4FD7-453C-AB00-BA8F5A7036CE}.Release|Any CPU.ActiveCfg = Release|Any CPU
		{FE0A95EA-4FD7-453C-AB00-BA8F5A7036CE}.Release|Any CPU.Build.0 = Release|Any CPU
		{C55B7F09-0B0E-4987-AD60-BAA895FAC85E}.Debug|Any CPU.ActiveCfg = Debug|Any CPU
		{C55B7F09-0B0E-4987-AD60-BAA895FAC85E}.Debug|Any CPU.Build.0 = Debug|Any CPU
		{C55B7F09-0B0E-4987-AD60-BAA895FAC85E}.Release|Any CPU.ActiveCfg = Release|Any CPU
		{C55B7F09-0B0E-4987-AD60-BAA895FAC85E}.Release|Any CPU.Build.0 = Release|Any CPU
		{505CFDD8-47A6-4A53-B7B1-24B6D34FC333}.Debug|Any CPU.ActiveCfg = Debug|Any CPU
		{505CFDD8-47A6-4A53-B7B1-24B6D34FC333}.Debug|Any CPU.Build.0 = Debug|Any CPU
		{505CFDD8-47A6-4A53-B7B1-24B6D34FC333}.Release|Any CPU.ActiveCfg = Release|Any CPU
		{505CFDD8-47A6-4A53-B7B1-24B6D34FC333}.Release|Any CPU.Build.0 = Release|Any CPU
		{756F3999-94A4-4544-BC74-1E1FBAAC17BF}.Debug|Any CPU.ActiveCfg = Debug|Any CPU
		{756F3999-94A4-4544-BC74-1E1FBAAC17BF}.Debug|Any CPU.Build.0 = Debug|Any CPU
		{756F3999-94A4-4544-BC74-1E1FBAAC17BF}.Release|Any CPU.ActiveCfg = Release|Any CPU
		{756F3999-94A4-4544-BC74-1E1FBAAC17BF}.Release|Any CPU.Build.0 = Release|Any CPU
		{A23B7900-E904-4EEA-8CAA-12E4D568E553}.Debug|Any CPU.ActiveCfg = Debug|Any CPU
		{A23B7900-E904-4EEA-8CAA-12E4D568E553}.Debug|Any CPU.Build.0 = Debug|Any CPU
		{A23B7900-E904-4EEA-8CAA-12E4D568E553}.Release|Any CPU.ActiveCfg = Release|Any CPU
		{A23B7900-E904-4EEA-8CAA-12E4D568E553}.Release|Any CPU.Build.0 = Release|Any CPU
		{56BB589F-EC16-4B45-92A6-43D34C3B08F6}.Debug|Any CPU.ActiveCfg = Debug|Any CPU
		{56BB589F-EC16-4B45-92A6-43D34C3B08F6}.Debug|Any CPU.Build.0 = Debug|Any CPU
		{56BB589F-EC16-4B45-92A6-43D34C3B08F6}.Release|Any CPU.ActiveCfg = Release|Any CPU
		{56BB589F-EC16-4B45-92A6-43D34C3B08F6}.Release|Any CPU.Build.0 = Release|Any CPU
		{F35C15C5-CBB3-49D9-BF7D-973C85126538}.Debug|Any CPU.ActiveCfg = Debug|Any CPU
		{F35C15C5-CBB3-49D9-BF7D-973C85126538}.Debug|Any CPU.Build.0 = Debug|Any CPU
		{F35C15C5-CBB3-49D9-BF7D-973C85126538}.Release|Any CPU.ActiveCfg = Release|Any CPU
		{F35C15C5-CBB3-49D9-BF7D-973C85126538}.Release|Any CPU.Build.0 = Release|Any CPU
	EndGlobalSection
	GlobalSection(SolutionProperties) = preSolution
		HideSolutionNode = FALSE
	EndGlobalSection
EndGlobal
