
Microsoft Visual Studio Solution File, Format Version 12.00
# Visual Studio 2012
Project("{FAE04EC0-301F-11D3-BF4B-00C04F79EFBC}") = "AcademyEcosystem", "AcademyEcosystem\AcademyEcosystem.csproj", "{775A3D40-1C07-48F6-9A68-40E19F3F9687}"
EndProject
Global
	GlobalSection(SolutionConfigurationPlatforms) = preSolution
		Debug|Any CPU = Debug|Any CPU
		Release|Any CPU = Release|Any CPU
	EndGlobalSection
	GlobalSection(ProjectConfigurationPlatforms) = postSolution
		{775A3D40-1C07-48F6-9A68-40E19F3F9687}.Debug|Any CPU.ActiveCfg = Debug|Any CPU
		{775A3D40-1C07-48F6-9A68-40E19F3F9687}.Debug|Any CPU.Build.0 = Debug|Any CPU
		{775A3D40-1C07-48F6-9A68-40E19F3F9687}.Release|Any CPU.ActiveCfg = Release|Any CPU
		{775A3D40-1C07-48F6-9A68-40E19F3F9687}.Release|Any CPU.Build.0 = Release|Any CPU
	EndGlobalSection
	GlobalSection(SolutionProperties) = preSolution
		HideSolutionNode = FALSE
	EndGlobalSection
EndGlobal
