
Microsoft Visual Studio Solution File, Format Version 12.00
# Visual Studio 2012
Project("{FAE04EC0-301F-11D3-BF4B-00C04F79EFBC}") = "CSharpCodeFormatting", "CSharpCodeFormatting\CSharpCodeFormatting.csproj", "{0BADAD29-DEFA-4380-879C-1084EE06AF44}"
EndProject
Global
	GlobalSection(SolutionConfigurationPlatforms) = preSolution
		Debug|Any CPU = Debug|Any CPU
		Release|Any CPU = Release|Any CPU
	EndGlobalSection
	GlobalSection(ProjectConfigurationPlatforms) = postSolution
		{0BADAD29-DEFA-4380-879C-1084EE06AF44}.Debug|Any CPU.ActiveCfg = Debug|Any CPU
		{0BADAD29-DEFA-4380-879C-1084EE06AF44}.Debug|Any CPU.Build.0 = Debug|Any CPU
		{0BADAD29-DEFA-4380-879C-1084EE06AF44}.Release|Any CPU.ActiveCfg = Release|Any CPU
		{0BADAD29-DEFA-4380-879C-1084EE06AF44}.Release|Any CPU.Build.0 = Release|Any CPU
	EndGlobalSection
	GlobalSection(SolutionProperties) = preSolution
		HideSolutionNode = FALSE
	EndGlobalSection
EndGlobal
