
Microsoft Visual Studio Solution File, Format Version 12.00
# Visual Studio 2013
VisualStudioVersion = 12.0.20623.1 VSUPREVIEW
MinimumVisualStudioVersion = 10.0.40219.1
Project("{2150E333-8FDC-42A3-9474-1A3956D46DE8}") = "1. CodeJewels", "1. CodeJewels", "{DA2A254E-DD7C-4AF6-A3CB-11DB2A42CB10}"
EndProject
Project("{2150E333-8FDC-42A3-9474-1A3956D46DE8}") = "2. ServiceHook", "2. ServiceHook", "{4BE64FF4-9A23-4160-ADB5-4BE67F0BB251}"
EndProject
Project("{FAE04EC0-301F-11D3-BF4B-00C04F79EFBC}") = "CodeJewelsHook", "2. ServiceHook\CodeJewelsHook\CodeJewelsHook.csproj", "{93C558A5-75A4-47E4-9E67-DB0A0741C0E5}"
EndProject
Project("{FAE04EC0-301F-11D3-BF4B-00C04F79EFBC}") = "CodeJewels.DataLayer", "1. CodeJewels\CodeJewels.DataLayer\CodeJewels.DataLayer.csproj", "{DBE6F405-242F-453D-AE34-85C5D08AC7FA}"
EndProject
Project("{FAE04EC0-301F-11D3-BF4B-00C04F79EFBC}") = "CodeJewels.Models", "1. CodeJewels\CodeJewels.Models\CodeJewels.Models.csproj", "{C495BD0C-6F88-4CC6-B334-9430BB65C753}"
EndProject
Project("{FAE04EC0-301F-11D3-BF4B-00C04F79EFBC}") = "CodeJewels.Service", "1. CodeJewels\CodeJewels.Service\CodeJewels.Service.csproj", "{450C3542-DC8E-4595-A48A-73FFD4C92456}"
EndProject
Global
	GlobalSection(SolutionConfigurationPlatforms) = preSolution
		Debug|Any CPU = Debug|Any CPU
		Release|Any CPU = Release|Any CPU
	EndGlobalSection
	GlobalSection(ProjectConfigurationPlatforms) = postSolution
		{93C558A5-75A4-47E4-9E67-DB0A0741C0E5}.Debug|Any CPU.ActiveCfg = Debug|Any CPU
		{93C558A5-75A4-47E4-9E67-DB0A0741C0E5}.Debug|Any CPU.Build.0 = Debug|Any CPU
		{93C558A5-75A4-47E4-9E67-DB0A0741C0E5}.Release|Any CPU.ActiveCfg = Release|Any CPU
		{93C558A5-75A4-47E4-9E67-DB0A0741C0E5}.Release|Any CPU.Build.0 = Release|Any CPU
		{DBE6F405-242F-453D-AE34-85C5D08AC7FA}.Debug|Any CPU.ActiveCfg = Debug|Any CPU
		{DBE6F405-242F-453D-AE34-85C5D08AC7FA}.Debug|Any CPU.Build.0 = Debug|Any CPU
		{DBE6F405-242F-453D-AE34-85C5D08AC7FA}.Release|Any CPU.ActiveCfg = Release|Any CPU
		{DBE6F405-242F-453D-AE34-85C5D08AC7FA}.Release|Any CPU.Build.0 = Release|Any CPU
		{C495BD0C-6F88-4CC6-B334-9430BB65C753}.Debug|Any CPU.ActiveCfg = Debug|Any CPU
		{C495BD0C-6F88-4CC6-B334-9430BB65C753}.Debug|Any CPU.Build.0 = Debug|Any CPU
		{C495BD0C-6F88-4CC6-B334-9430BB65C753}.Release|Any CPU.ActiveCfg = Release|Any CPU
		{C495BD0C-6F88-4CC6-B334-9430BB65C753}.Release|Any CPU.Build.0 = Release|Any CPU
		{450C3542-DC8E-4595-A48A-73FFD4C92456}.Debug|Any CPU.ActiveCfg = Debug|Any CPU
		{450C3542-DC8E-4595-A48A-73FFD4C92456}.Debug|Any CPU.Build.0 = Debug|Any CPU
		{450C3542-DC8E-4595-A48A-73FFD4C92456}.Release|Any CPU.ActiveCfg = Release|Any CPU
		{450C3542-DC8E-4595-A48A-73FFD4C92456}.Release|Any CPU.Build.0 = Release|Any CPU
	EndGlobalSection
	GlobalSection(SolutionProperties) = preSolution
		HideSolutionNode = FALSE
	EndGlobalSection
	GlobalSection(NestedProjects) = preSolution
		{DBE6F405-242F-453D-AE34-85C5D08AC7FA} = {DA2A254E-DD7C-4AF6-A3CB-11DB2A42CB10}
		{C495BD0C-6F88-4CC6-B334-9430BB65C753} = {DA2A254E-DD7C-4AF6-A3CB-11DB2A42CB10}
		{450C3542-DC8E-4595-A48A-73FFD4C92456} = {DA2A254E-DD7C-4AF6-A3CB-11DB2A42CB10}
		{93C558A5-75A4-47E4-9E67-DB0A0741C0E5} = {4BE64FF4-9A23-4160-ADB5-4BE67F0BB251}
	EndGlobalSection
EndGlobal
