
Microsoft Visual Studio Solution File, Format Version 12.00
# Visual Studio 2012
Project("{FAE04EC0-301F-11D3-BF4B-00C04F79EFBC}") = "1. FillingMatrixA", "1. FillingMatrixA\1. FillingMatrixA.csproj", "{CB556457-82A8-498B-BCBF-926F5DE1654F}"
EndProject
Project("{FAE04EC0-301F-11D3-BF4B-00C04F79EFBC}") = "1. FillingMatrixB", "FillingMatrixB\1. FillingMatrixB.csproj", "{1B2BE21A-888B-46C1-9A2C-863A04E74A94}"
EndProject
Project("{FAE04EC0-301F-11D3-BF4B-00C04F79EFBC}") = "1. FillingMatrixC", "1. FillingMatrixC\1. FillingMatrixC.csproj", "{55E648A0-3328-4F72-ACF9-8B6174EA6AE9}"
EndProject
Project("{FAE04EC0-301F-11D3-BF4B-00C04F79EFBC}") = "1. FillingMatrixD", "1. FillingMatrixD\1. FillingMatrixD.csproj", "{B75D897B-1558-42AB-AD84-556C0C43D1F8}"
EndProject
Project("{FAE04EC0-301F-11D3-BF4B-00C04F79EFBC}") = "2. SquareWithMaximalSum", "2. SquareWithMaximalSum\2. SquareWithMaximalSum.csproj", "{7F4A2B92-C21E-4E3E-AE52-935164764651}"
EndProject
Project("{FAE04EC0-301F-11D3-BF4B-00C04F79EFBC}") = "3. LongestSequenceOfEqualStrings", "3. LongestSequenceOfEqualStrings\3. LongestSequenceOfEqualStrings.csproj", "{CFE7DBEA-A720-47F0-8D50-F72CD8F0B959}"
EndProject
Project("{FAE04EC0-301F-11D3-BF4B-00C04F79EFBC}") = "4. LargestNumberLessThanOrEqualToK", "4. LargestNumberLessThanOrEqualToK\4. LargestNumberLessThanOrEqualToK.csproj", "{DC8616CA-A9AD-4140-BA4C-C7E58CE291AF}"
EndProject
Project("{FAE04EC0-301F-11D3-BF4B-00C04F79EFBC}") = "5. SortArrayOfStringsByLength", "5. SortArrayOfStringsByLength\5. SortArrayOfStringsByLength.csproj", "{3272B82B-3104-4109-AE96-DACA6E35911C}"
EndProject
Project("{FAE04EC0-301F-11D3-BF4B-00C04F79EFBC}") = "6. ClassMatrix", "6. ClassMatrix\6. ClassMatrix.csproj", "{76A66EFF-8840-48DB-AE93-485B56F924B4}"
EndProject
Project("{FAE04EC0-301F-11D3-BF4B-00C04F79EFBC}") = "7. LargestAreaOfEqualElements", "7. LargestAreaOfEqualElements\7. LargestAreaOfEqualElements.csproj", "{221E6F97-3E5A-4206-86B4-CCB3BB0E3AC8}"
EndProject
Global
	GlobalSection(SolutionConfigurationPlatforms) = preSolution
		Debug|Any CPU = Debug|Any CPU
		Debug|Mixed Platforms = Debug|Mixed Platforms
		Debug|x86 = Debug|x86
		Release|Any CPU = Release|Any CPU
		Release|Mixed Platforms = Release|Mixed Platforms
		Release|x86 = Release|x86
	EndGlobalSection
	GlobalSection(ProjectConfigurationPlatforms) = postSolution
		{CB556457-82A8-498B-BCBF-926F5DE1654F}.Debug|Any CPU.ActiveCfg = Debug|Any CPU
		{CB556457-82A8-498B-BCBF-926F5DE1654F}.Debug|Any CPU.Build.0 = Debug|Any CPU
		{CB556457-82A8-498B-BCBF-926F5DE1654F}.Debug|Mixed Platforms.ActiveCfg = Debug|Any CPU
		{CB556457-82A8-498B-BCBF-926F5DE1654F}.Debug|Mixed Platforms.Build.0 = Debug|Any CPU
		{CB556457-82A8-498B-BCBF-926F5DE1654F}.Debug|x86.ActiveCfg = Debug|Any CPU
		{CB556457-82A8-498B-BCBF-926F5DE1654F}.Release|Any CPU.ActiveCfg = Release|Any CPU
		{CB556457-82A8-498B-BCBF-926F5DE1654F}.Release|Any CPU.Build.0 = Release|Any CPU
		{CB556457-82A8-498B-BCBF-926F5DE1654F}.Release|Mixed Platforms.ActiveCfg = Release|Any CPU
		{CB556457-82A8-498B-BCBF-926F5DE1654F}.Release|Mixed Platforms.Build.0 = Release|Any CPU
		{CB556457-82A8-498B-BCBF-926F5DE1654F}.Release|x86.ActiveCfg = Release|Any CPU
		{1B2BE21A-888B-46C1-9A2C-863A04E74A94}.Debug|Any CPU.ActiveCfg = Debug|Any CPU
		{1B2BE21A-888B-46C1-9A2C-863A04E74A94}.Debug|Any CPU.Build.0 = Debug|Any CPU
		{1B2BE21A-888B-46C1-9A2C-863A04E74A94}.Debug|Mixed Platforms.ActiveCfg = Debug|Any CPU
		{1B2BE21A-888B-46C1-9A2C-863A04E74A94}.Debug|Mixed Platforms.Build.0 = Debug|Any CPU
		{1B2BE21A-888B-46C1-9A2C-863A04E74A94}.Debug|x86.ActiveCfg = Debug|Any CPU
		{1B2BE21A-888B-46C1-9A2C-863A04E74A94}.Release|Any CPU.ActiveCfg = Release|Any CPU
		{1B2BE21A-888B-46C1-9A2C-863A04E74A94}.Release|Any CPU.Build.0 = Release|Any CPU
		{1B2BE21A-888B-46C1-9A2C-863A04E74A94}.Release|Mixed Platforms.ActiveCfg = Release|Any CPU
		{1B2BE21A-888B-46C1-9A2C-863A04E74A94}.Release|Mixed Platforms.Build.0 = Release|Any CPU
		{1B2BE21A-888B-46C1-9A2C-863A04E74A94}.Release|x86.ActiveCfg = Release|Any CPU
		{55E648A0-3328-4F72-ACF9-8B6174EA6AE9}.Debug|Any CPU.ActiveCfg = Debug|Any CPU
		{55E648A0-3328-4F72-ACF9-8B6174EA6AE9}.Debug|Any CPU.Build.0 = Debug|Any CPU
		{55E648A0-3328-4F72-ACF9-8B6174EA6AE9}.Debug|Mixed Platforms.ActiveCfg = Debug|Any CPU
		{55E648A0-3328-4F72-ACF9-8B6174EA6AE9}.Debug|Mixed Platforms.Build.0 = Debug|Any CPU
		{55E648A0-3328-4F72-ACF9-8B6174EA6AE9}.Debug|x86.ActiveCfg = Debug|Any CPU
		{55E648A0-3328-4F72-ACF9-8B6174EA6AE9}.Release|Any CPU.ActiveCfg = Release|Any CPU
		{55E648A0-3328-4F72-ACF9-8B6174EA6AE9}.Release|Any CPU.Build.0 = Release|Any CPU
		{55E648A0-3328-4F72-ACF9-8B6174EA6AE9}.Release|Mixed Platforms.ActiveCfg = Release|Any CPU
		{55E648A0-3328-4F72-ACF9-8B6174EA6AE9}.Release|Mixed Platforms.Build.0 = Release|Any CPU
		{55E648A0-3328-4F72-ACF9-8B6174EA6AE9}.Release|x86.ActiveCfg = Release|Any CPU
		{B75D897B-1558-42AB-AD84-556C0C43D1F8}.Debug|Any CPU.ActiveCfg = Debug|Any CPU
		{B75D897B-1558-42AB-AD84-556C0C43D1F8}.Debug|Any CPU.Build.0 = Debug|Any CPU
		{B75D897B-1558-42AB-AD84-556C0C43D1F8}.Debug|Mixed Platforms.ActiveCfg = Debug|Any CPU
		{B75D897B-1558-42AB-AD84-556C0C43D1F8}.Debug|Mixed Platforms.Build.0 = Debug|Any CPU
		{B75D897B-1558-42AB-AD84-556C0C43D1F8}.Debug|x86.ActiveCfg = Debug|Any CPU
		{B75D897B-1558-42AB-AD84-556C0C43D1F8}.Release|Any CPU.ActiveCfg = Release|Any CPU
		{B75D897B-1558-42AB-AD84-556C0C43D1F8}.Release|Any CPU.Build.0 = Release|Any CPU
		{B75D897B-1558-42AB-AD84-556C0C43D1F8}.Release|Mixed Platforms.ActiveCfg = Release|Any CPU
		{B75D897B-1558-42AB-AD84-556C0C43D1F8}.Release|Mixed Platforms.Build.0 = Release|Any CPU
		{B75D897B-1558-42AB-AD84-556C0C43D1F8}.Release|x86.ActiveCfg = Release|Any CPU
		{7F4A2B92-C21E-4E3E-AE52-935164764651}.Debug|Any CPU.ActiveCfg = Debug|Any CPU
		{7F4A2B92-C21E-4E3E-AE52-935164764651}.Debug|Any CPU.Build.0 = Debug|Any CPU
		{7F4A2B92-C21E-4E3E-AE52-935164764651}.Debug|Mixed Platforms.ActiveCfg = Debug|Any CPU
		{7F4A2B92-C21E-4E3E-AE52-935164764651}.Debug|Mixed Platforms.Build.0 = Debug|Any CPU
		{7F4A2B92-C21E-4E3E-AE52-935164764651}.Debug|x86.ActiveCfg = Debug|Any CPU
		{7F4A2B92-C21E-4E3E-AE52-935164764651}.Release|Any CPU.ActiveCfg = Release|Any CPU
		{7F4A2B92-C21E-4E3E-AE52-935164764651}.Release|Any CPU.Build.0 = Release|Any CPU
		{7F4A2B92-C21E-4E3E-AE52-935164764651}.Release|Mixed Platforms.ActiveCfg = Release|Any CPU
		{7F4A2B92-C21E-4E3E-AE52-935164764651}.Release|Mixed Platforms.Build.0 = Release|Any CPU
		{7F4A2B92-C21E-4E3E-AE52-935164764651}.Release|x86.ActiveCfg = Release|Any CPU
		{CFE7DBEA-A720-47F0-8D50-F72CD8F0B959}.Debug|Any CPU.ActiveCfg = Debug|x86
		{CFE7DBEA-A720-47F0-8D50-F72CD8F0B959}.Debug|Mixed Platforms.ActiveCfg = Debug|x86
		{CFE7DBEA-A720-47F0-8D50-F72CD8F0B959}.Debug|Mixed Platforms.Build.0 = Debug|x86
		{CFE7DBEA-A720-47F0-8D50-F72CD8F0B959}.Debug|x86.ActiveCfg = Debug|x86
		{CFE7DBEA-A720-47F0-8D50-F72CD8F0B959}.Debug|x86.Build.0 = Debug|x86
		{CFE7DBEA-A720-47F0-8D50-F72CD8F0B959}.Release|Any CPU.ActiveCfg = Release|x86
		{CFE7DBEA-A720-47F0-8D50-F72CD8F0B959}.Release|Mixed Platforms.ActiveCfg = Release|x86
		{CFE7DBEA-A720-47F0-8D50-F72CD8F0B959}.Release|Mixed Platforms.Build.0 = Release|x86
		{CFE7DBEA-A720-47F0-8D50-F72CD8F0B959}.Release|x86.ActiveCfg = Release|x86
		{CFE7DBEA-A720-47F0-8D50-F72CD8F0B959}.Release|x86.Build.0 = Release|x86
		{DC8616CA-A9AD-4140-BA4C-C7E58CE291AF}.Debug|Any CPU.ActiveCfg = Debug|x86
		{DC8616CA-A9AD-4140-BA4C-C7E58CE291AF}.Debug|Mixed Platforms.ActiveCfg = Debug|x86
		{DC8616CA-A9AD-4140-BA4C-C7E58CE291AF}.Debug|Mixed Platforms.Build.0 = Debug|x86
		{DC8616CA-A9AD-4140-BA4C-C7E58CE291AF}.Debug|x86.ActiveCfg = Debug|x86
		{DC8616CA-A9AD-4140-BA4C-C7E58CE291AF}.Debug|x86.Build.0 = Debug|x86
		{DC8616CA-A9AD-4140-BA4C-C7E58CE291AF}.Release|Any CPU.ActiveCfg = Release|x86
		{DC8616CA-A9AD-4140-BA4C-C7E58CE291AF}.Release|Mixed Platforms.ActiveCfg = Release|x86
		{DC8616CA-A9AD-4140-BA4C-C7E58CE291AF}.Release|Mixed Platforms.Build.0 = Release|x86
		{DC8616CA-A9AD-4140-BA4C-C7E58CE291AF}.Release|x86.ActiveCfg = Release|x86
		{DC8616CA-A9AD-4140-BA4C-C7E58CE291AF}.Release|x86.Build.0 = Release|x86
		{3272B82B-3104-4109-AE96-DACA6E35911C}.Debug|Any CPU.ActiveCfg = Debug|x86
		{3272B82B-3104-4109-AE96-DACA6E35911C}.Debug|Mixed Platforms.ActiveCfg = Debug|x86
		{3272B82B-3104-4109-AE96-DACA6E35911C}.Debug|Mixed Platforms.Build.0 = Debug|x86
		{3272B82B-3104-4109-AE96-DACA6E35911C}.Debug|x86.ActiveCfg = Debug|x86
		{3272B82B-3104-4109-AE96-DACA6E35911C}.Debug|x86.Build.0 = Debug|x86
		{3272B82B-3104-4109-AE96-DACA6E35911C}.Release|Any CPU.ActiveCfg = Release|x86
		{3272B82B-3104-4109-AE96-DACA6E35911C}.Release|Mixed Platforms.ActiveCfg = Release|x86
		{3272B82B-3104-4109-AE96-DACA6E35911C}.Release|Mixed Platforms.Build.0 = Release|x86
		{3272B82B-3104-4109-AE96-DACA6E35911C}.Release|x86.ActiveCfg = Release|x86
		{3272B82B-3104-4109-AE96-DACA6E35911C}.Release|x86.Build.0 = Release|x86
		{76A66EFF-8840-48DB-AE93-485B56F924B4}.Debug|Any CPU.ActiveCfg = Debug|Any CPU
		{76A66EFF-8840-48DB-AE93-485B56F924B4}.Debug|Any CPU.Build.0 = Debug|Any CPU
		{76A66EFF-8840-48DB-AE93-485B56F924B4}.Debug|Mixed Platforms.ActiveCfg = Debug|Any CPU
		{76A66EFF-8840-48DB-AE93-485B56F924B4}.Debug|Mixed Platforms.Build.0 = Debug|Any CPU
		{76A66EFF-8840-48DB-AE93-485B56F924B4}.Debug|x86.ActiveCfg = Debug|Any CPU
		{76A66EFF-8840-48DB-AE93-485B56F924B4}.Release|Any CPU.ActiveCfg = Release|Any CPU
		{76A66EFF-8840-48DB-AE93-485B56F924B4}.Release|Any CPU.Build.0 = Release|Any CPU
		{76A66EFF-8840-48DB-AE93-485B56F924B4}.Release|Mixed Platforms.ActiveCfg = Release|Any CPU
		{76A66EFF-8840-48DB-AE93-485B56F924B4}.Release|Mixed Platforms.Build.0 = Release|Any CPU
		{76A66EFF-8840-48DB-AE93-485B56F924B4}.Release|x86.ActiveCfg = Release|Any CPU
		{221E6F97-3E5A-4206-86B4-CCB3BB0E3AC8}.Debug|Any CPU.ActiveCfg = Debug|Any CPU
		{221E6F97-3E5A-4206-86B4-CCB3BB0E3AC8}.Debug|Any CPU.Build.0 = Debug|Any CPU
		{221E6F97-3E5A-4206-86B4-CCB3BB0E3AC8}.Debug|Mixed Platforms.ActiveCfg = Debug|Any CPU
		{221E6F97-3E5A-4206-86B4-CCB3BB0E3AC8}.Debug|Mixed Platforms.Build.0 = Debug|Any CPU
		{221E6F97-3E5A-4206-86B4-CCB3BB0E3AC8}.Debug|x86.ActiveCfg = Debug|Any CPU
		{221E6F97-3E5A-4206-86B4-CCB3BB0E3AC8}.Release|Any CPU.ActiveCfg = Release|Any CPU
		{221E6F97-3E5A-4206-86B4-CCB3BB0E3AC8}.Release|Any CPU.Build.0 = Release|Any CPU
		{221E6F97-3E5A-4206-86B4-CCB3BB0E3AC8}.Release|Mixed Platforms.ActiveCfg = Release|Any CPU
		{221E6F97-3E5A-4206-86B4-CCB3BB0E3AC8}.Release|Mixed Platforms.Build.0 = Release|Any CPU
		{221E6F97-3E5A-4206-86B4-CCB3BB0E3AC8}.Release|x86.ActiveCfg = Release|Any CPU
	EndGlobalSection
	GlobalSection(SolutionProperties) = preSolution
		HideSolutionNode = FALSE
	EndGlobalSection
EndGlobal
