
Microsoft Visual Studio Solution File, Format Version 12.00
# Visual Studio 2012
Project("{FAE04EC0-301F-11D3-BF4B-00C04F79EFBC}") = "BankSystem.Common", "BankSystem.Common\BankSystem.Common.csproj", "{50884C6A-2171-4471-AEBD-2FFD90FA8C15}"
EndProject
Project("{FAE04EC0-301F-11D3-BF4B-00C04F79EFBC}") = "BankSystem.UI", "BankSystem.UI\BankSystem.UI.csproj", "{7C5524B5-AE56-444D-90C9-B245FCFC0124}"
EndProject
Global
	GlobalSection(SolutionConfigurationPlatforms) = preSolution
		Debug|Any CPU = Debug|Any CPU
		Release|Any CPU = Release|Any CPU
	EndGlobalSection
	GlobalSection(ProjectConfigurationPlatforms) = postSolution
		{50884C6A-2171-4471-AEBD-2FFD90FA8C15}.Debug|Any CPU.ActiveCfg = Debug|Any CPU
		{50884C6A-2171-4471-AEBD-2FFD90FA8C15}.Debug|Any CPU.Build.0 = Debug|Any CPU
		{50884C6A-2171-4471-AEBD-2FFD90FA8C15}.Release|Any CPU.ActiveCfg = Release|Any CPU
		{50884C6A-2171-4471-AEBD-2FFD90FA8C15}.Release|Any CPU.Build.0 = Release|Any CPU
		{7C5524B5-AE56-444D-90C9-B245FCFC0124}.Debug|Any CPU.ActiveCfg = Debug|Any CPU
		{7C5524B5-AE56-444D-90C9-B245FCFC0124}.Debug|Any CPU.Build.0 = Debug|Any CPU
		{7C5524B5-AE56-444D-90C9-B245FCFC0124}.Release|Any CPU.ActiveCfg = Release|Any CPU
		{7C5524B5-AE56-444D-90C9-B245FCFC0124}.Release|Any CPU.Build.0 = Release|Any CPU
	EndGlobalSection
	GlobalSection(SolutionProperties) = preSolution
		HideSolutionNode = FALSE
	EndGlobalSection
EndGlobal
