
Microsoft Visual Studio Solution File, Format Version 12.00
# Visual Studio 2012
Project("{FAE04EC0-301F-11D3-BF4B-00C04F79EFBC}") = "DurankulakNumbers", "DurankulakNumbers\DurankulakNumbers.csproj", "{0A4DE410-9844-4E79-9873-E243B8CCD498}"
EndProject
Project("{FAE04EC0-301F-11D3-BF4B-00C04F79EFBC}") = "JoroTheRabbit", "JoroTheRabbit\JoroTheRabbit.csproj", "{850D8656-5189-40BF-A1E6-E354196E8F9E}"
EndProject
Project("{FAE04EC0-301F-11D3-BF4B-00C04F79EFBC}") = "CSharpBrackets", "CSharpBrackets\CSharpBrackets.csproj", "{D4182AC8-02C1-45DD-A3DA-E8E0D2FA8C6E}"
EndProject
Global
	GlobalSection(SolutionConfigurationPlatforms) = preSolution
		Debug|Any CPU = Debug|Any CPU
		Release|Any CPU = Release|Any CPU
	EndGlobalSection
	GlobalSection(ProjectConfigurationPlatforms) = postSolution
		{0A4DE410-9844-4E79-9873-E243B8CCD498}.Debug|Any CPU.ActiveCfg = Debug|Any CPU
		{0A4DE410-9844-4E79-9873-E243B8CCD498}.Debug|Any CPU.Build.0 = Debug|Any CPU
		{0A4DE410-9844-4E79-9873-E243B8CCD498}.Release|Any CPU.ActiveCfg = Release|Any CPU
		{0A4DE410-9844-4E79-9873-E243B8CCD498}.Release|Any CPU.Build.0 = Release|Any CPU
		{850D8656-5189-40BF-A1E6-E354196E8F9E}.Debug|Any CPU.ActiveCfg = Debug|Any CPU
		{850D8656-5189-40BF-A1E6-E354196E8F9E}.Debug|Any CPU.Build.0 = Debug|Any CPU
		{850D8656-5189-40BF-A1E6-E354196E8F9E}.Release|Any CPU.ActiveCfg = Release|Any CPU
		{850D8656-5189-40BF-A1E6-E354196E8F9E}.Release|Any CPU.Build.0 = Release|Any CPU
		{D4182AC8-02C1-45DD-A3DA-E8E0D2FA8C6E}.Debug|Any CPU.ActiveCfg = Debug|Any CPU
		{D4182AC8-02C1-45DD-A3DA-E8E0D2FA8C6E}.Debug|Any CPU.Build.0 = Debug|Any CPU
		{D4182AC8-02C1-45DD-A3DA-E8E0D2FA8C6E}.Release|Any CPU.ActiveCfg = Release|Any CPU
		{D4182AC8-02C1-45DD-A3DA-E8E0D2FA8C6E}.Release|Any CPU.Build.0 = Release|Any CPU
	EndGlobalSection
	GlobalSection(SolutionProperties) = preSolution
		HideSolutionNode = FALSE
	EndGlobalSection
EndGlobal
