
Microsoft Visual Studio Solution File, Format Version 12.00
# Visual Studio 2012
Project("{FAE04EC0-301F-11D3-BF4B-00C04F79EFBC}") = "PersonInformation", "PersonInformation\PersonInformation.csproj", "{B62734CC-6B26-40C0-BADB-4E22D96C23B3}"
EndProject
Global
	GlobalSection(SolutionConfigurationPlatforms) = preSolution
		Debug|Any CPU = Debug|Any CPU
		Release|Any CPU = Release|Any CPU
	EndGlobalSection
	GlobalSection(ProjectConfigurationPlatforms) = postSolution
		{B62734CC-6B26-40C0-BADB-4E22D96C23B3}.Debug|Any CPU.ActiveCfg = Debug|Any CPU
		{B62734CC-6B26-40C0-BADB-4E22D96C23B3}.Debug|Any CPU.Build.0 = Debug|Any CPU
		{B62734CC-6B26-40C0-BADB-4E22D96C23B3}.Release|Any CPU.ActiveCfg = Release|Any CPU
		{B62734CC-6B26-40C0-BADB-4E22D96C23B3}.Release|Any CPU.Build.0 = Release|Any CPU
	EndGlobalSection
	GlobalSection(SolutionProperties) = preSolution
		HideSolutionNode = FALSE
	EndGlobalSection
EndGlobal
