
Microsoft Visual Studio Solution File, Format Version 12.00
# Visual Studio 2012
Project("{FAE04EC0-301F-11D3-BF4B-00C04F79EFBC}") = "T4Template-Example", "T4Template-Example\T4Template-Example.csproj", "{D5302FF8-0D9F-4C89-9C13-7B65C4D25EDE}"
EndProject
Global
	GlobalSection(SolutionConfigurationPlatforms) = preSolution
		Debug|Any CPU = Debug|Any CPU
		Release|Any CPU = Release|Any CPU
	EndGlobalSection
	GlobalSection(ProjectConfigurationPlatforms) = postSolution
		{D5302FF8-0D9F-4C89-9C13-7B65C4D25EDE}.Debug|Any CPU.ActiveCfg = Debug|Any CPU
		{D5302FF8-0D9F-4C89-9C13-7B65C4D25EDE}.Debug|Any CPU.Build.0 = Debug|Any CPU
		{D5302FF8-0D9F-4C89-9C13-7B65C4D25EDE}.Release|Any CPU.ActiveCfg = Release|Any CPU
		{D5302FF8-0D9F-4C89-9C13-7B65C4D25EDE}.Release|Any CPU.Build.0 = Release|Any CPU
	EndGlobalSection
	GlobalSection(SolutionProperties) = preSolution
		HideSolutionNode = FALSE
	EndGlobalSection
EndGlobal
